
Microsoft Visual Studio Solution File, Format Version 12.00
# Visual Studio Version 17
VisualStudioVersion = 17.3.32819.101
MinimumVisualStudioVersion = 10.0.40219.1
Project("{FAE04EC0-301F-11D3-BF4B-00C04F79EFBC}") = "Diary", "Diary\Diary.csproj", "{D08737E4-AB39-46A4-9F62-93501877ADC2}"
EndProject
Global
	GlobalSection(SolutionConfigurationPlatforms) = preSolution
		Debug|Any CPU = Debug|Any CPU
		Release|Any CPU = Release|Any CPU
	EndGlobalSection
	GlobalSection(ProjectConfigurationPlatforms) = postSolution
		{D08737E4-AB39-46A4-9F62-93501877ADC2}.Debug|Any CPU.ActiveCfg = Debug|Any CPU
		{D08737E4-AB39-46A4-9F62-93501877ADC2}.Debug|Any CPU.Build.0 = Debug|Any CPU
		{D08737E4-AB39-46A4-9F62-93501877ADC2}.Release|Any CPU.ActiveCfg = Release|Any CPU
		{D08737E4-AB39-46A4-9F62-93501877ADC2}.Release|Any CPU.Build.0 = Release|Any CPU
	EndGlobalSection
	GlobalSection(SolutionProperties) = preSolution
		HideSolutionNode = FALSE
	EndGlobalSection
	GlobalSection(ExtensibilityGlobals) = postSolution
		SolutionGuid = {35F06667-6C98-4737-AFAC-656C7BFD2A45}
	EndGlobalSection
EndGlobal
